
Microsoft Visual Studio Solution File, Format Version 12.00
# Visual Studio Version 17
VisualStudioVersion = 17.1.32414.318
MinimumVisualStudioVersion = 10.0.40219.1
Project("{FAE04EC0-301F-11D3-BF4B-00C04F79EFBC}") = "WpfFrontside", "WpfFrontside\WpfFrontside.csproj", "{540D536B-990A-4765-A9EA-EA6D7FA4E56E}"
EndProject
Global
	GlobalSection(SolutionConfigurationPlatforms) = preSolution
		Debug|Any CPU = Debug|Any CPU
		Release|Any CPU = Release|Any CPU
	EndGlobalSection
	GlobalSection(ProjectConfigurationPlatforms) = postSolution
		{540D536B-990A-4765-A9EA-EA6D7FA4E56E}.Debug|Any CPU.ActiveCfg = Debug|Any CPU
		{540D536B-990A-4765-A9EA-EA6D7FA4E56E}.Debug|Any CPU.Build.0 = Debug|Any CPU
		{540D536B-990A-4765-A9EA-EA6D7FA4E56E}.Release|Any CPU.ActiveCfg = Release|Any CPU
		{540D536B-990A-4765-A9EA-EA6D7FA4E56E}.Release|Any CPU.Build.0 = Release|Any CPU
	EndGlobalSection
	GlobalSection(SolutionProperties) = preSolution
		HideSolutionNode = FALSE
	EndGlobalSection
	GlobalSection(ExtensibilityGlobals) = postSolution
		SolutionGuid = {E1693E77-9DD4-4A3D-8D06-08AF30778C4E}
	EndGlobalSection
EndGlobal
